# This file is automatically @generated by Cargo.
# It is not intended for manual editing.
version = 4

[[package]]
name = "assembler"
version = "0.1.0"
dependencies = [
 "x86",
]

[[package]]
name = "ast"
version = "0.1.0"

[[package]]
name = "backend"
version = "0.1.0"
dependencies = [
 "llvm",
 "x86",
]

[[package]]
name = "driver"
version = "0.1.0"
dependencies = [
 "ast",
 "backend",
 "frontend",
]

[[package]]
name = "frontend"
version = "0.1.0"
dependencies = [
 "ast",
 "parser",
]

[[package]]
name = "lexer"
version = "0.1.0"

[[package]]
name = "linker"
version = "0.1.0"

[[package]]
name = "llvm"
version = "0.1.0"

[[package]]
name = "parser"
version = "0.1.0"
dependencies = [
 "ast",
 "lexer",
]

[[package]]
name = "x86"
version = "0.1.0"
